
Microsoft Visual Studio Solution File, Format Version 12.00
# Visual Studio 15
VisualStudioVersion = 15.0.27703.2000
MinimumVisualStudioVersion = 10.0.40219.1
Project("{9A19103F-16F7-4668-BE54-9A1E7A4F7556}") = "Ledger.Net", "Ledger.Net\Ledger.Net.csproj", "{19D6B93A-7CD3-4E2C-858F-DE453B280ACB}"
EndProject
Project("{FAE04EC0-301F-11D3-BF4B-00C04F79EFBC}") = "Ledger.Net.Tests", "Ledger.Net.Tests\Ledger.Net.Tests.csproj", "{8E6C7DD5-9449-4074-AFA6-D994D2F75833}"
EndProject
Project("{9A19103F-16F7-4668-BE54-9A1E7A4F7556}") = "Hid.Net", "..\..\Hid.Net\Hid.Net\Hid.Net.csproj", "{D67825B3-D9FF-4EA0-9B12-D977751A6E99}"
EndProject
Global
	GlobalSection(SolutionConfigurationPlatforms) = preSolution
		Debug|Any CPU = Debug|Any CPU
		Release|Any CPU = Release|Any CPU
	EndGlobalSection
	GlobalSection(ProjectConfigurationPlatforms) = postSolution
		{19D6B93A-7CD3-4E2C-858F-DE453B280ACB}.Debug|Any CPU.ActiveCfg = Debug|Any CPU
		{19D6B93A-7CD3-4E2C-858F-DE453B280ACB}.Debug|Any CPU.Build.0 = Debug|Any CPU
		{19D6B93A-7CD3-4E2C-858F-DE453B280ACB}.Release|Any CPU.ActiveCfg = Release|Any CPU
		{19D6B93A-7CD3-4E2C-858F-DE453B280ACB}.Release|Any CPU.Build.0 = Release|Any CPU
		{8E6C7DD5-9449-4074-AFA6-D994D2F75833}.Debug|Any CPU.ActiveCfg = Debug|Any CPU
		{8E6C7DD5-9449-4074-AFA6-D994D2F75833}.Debug|Any CPU.Build.0 = Debug|Any CPU
		{8E6C7DD5-9449-4074-AFA6-D994D2F75833}.Release|Any CPU.ActiveCfg = Release|Any CPU
		{8E6C7DD5-9449-4074-AFA6-D994D2F75833}.Release|Any CPU.Build.0 = Release|Any CPU
		{D67825B3-D9FF-4EA0-9B12-D977751A6E99}.Debug|Any CPU.ActiveCfg = Debug|Any CPU
		{D67825B3-D9FF-4EA0-9B12-D977751A6E99}.Debug|Any CPU.Build.0 = Debug|Any CPU
		{D67825B3-D9FF-4EA0-9B12-D977751A6E99}.Release|Any CPU.ActiveCfg = Release|Any CPU
		{D67825B3-D9FF-4EA0-9B12-D977751A6E99}.Release|Any CPU.Build.0 = Release|Any CPU
	EndGlobalSection
	GlobalSection(SolutionProperties) = preSolution
		HideSolutionNode = FALSE
	EndGlobalSection
	GlobalSection(ExtensibilityGlobals) = postSolution
		SolutionGuid = {C034EAB4-A075-4C68-9B8F-5E39A3BC84E8}
	EndGlobalSection
EndGlobal
