
Microsoft Visual Studio Solution File, Format Version 12.00
# Visual Studio 15
VisualStudioVersion = 15.0.27703.2000
MinimumVisualStudioVersion = 10.0.40219.1
Project("{9A19103F-16F7-4668-BE54-9A1E7A4F7556}") = "Ledger.Net", "Ledger.Net\Ledger.Net.csproj", "{19D6B93A-7CD3-4E2C-858F-DE453B280ACB}"
EndProject
Project("{9A19103F-16F7-4668-BE54-9A1E7A4F7556}") = "Ledger.Net.Tests", "Ledger.Net.Tests\Ledger.Net.Tests.csproj", "{8E6C7DD5-9449-4074-AFA6-D994D2F75833}"
EndProject
Project("{FAE04EC0-301F-11D3-BF4B-00C04F79EFBC}") = "Ledger.Net.UWPUnitTest", "Ledger.Net.UWPUnitTest\Ledger.Net.UWPUnitTest.csproj", "{97924306-CC9E-4D40-B121-1040ECE2347E}"
EndProject
Project("{F184B08F-C81C-45F6-A57F-5ABD9991F28F}") = "Ledger.Net.VBSample", "Ledger.Net.VBSample\Ledger.Net.VBSample.vbproj", "{2CD1E349-85FC-42EB-8D8B-81F0D1340AC9}"
EndProject
Global
	GlobalSection(SolutionConfigurationPlatforms) = preSolution
		Debug|Any CPU = Debug|Any CPU
		Debug|ARM = Debug|ARM
		Debug|x64 = Debug|x64
		Debug|x86 = Debug|x86
		Release|Any CPU = Release|Any CPU
		Release|ARM = Release|ARM
		Release|x64 = Release|x64
		Release|x86 = Release|x86
	EndGlobalSection
	GlobalSection(ProjectConfigurationPlatforms) = postSolution
		{19D6B93A-7CD3-4E2C-858F-DE453B280ACB}.Debug|Any CPU.ActiveCfg = Debug|Any CPU
		{19D6B93A-7CD3-4E2C-858F-DE453B280ACB}.Debug|Any CPU.Build.0 = Debug|Any CPU
		{19D6B93A-7CD3-4E2C-858F-DE453B280ACB}.Debug|ARM.ActiveCfg = Debug|Any CPU
		{19D6B93A-7CD3-4E2C-858F-DE453B280ACB}.Debug|ARM.Build.0 = Debug|Any CPU
		{19D6B93A-7CD3-4E2C-858F-DE453B280ACB}.Debug|x64.ActiveCfg = Debug|Any CPU
		{19D6B93A-7CD3-4E2C-858F-DE453B280ACB}.Debug|x64.Build.0 = Debug|Any CPU
		{19D6B93A-7CD3-4E2C-858F-DE453B280ACB}.Debug|x86.ActiveCfg = Debug|Any CPU
		{19D6B93A-7CD3-4E2C-858F-DE453B280ACB}.Debug|x86.Build.0 = Debug|Any CPU
		{19D6B93A-7CD3-4E2C-858F-DE453B280ACB}.Release|Any CPU.ActiveCfg = Release|Any CPU
		{19D6B93A-7CD3-4E2C-858F-DE453B280ACB}.Release|Any CPU.Build.0 = Release|Any CPU
		{19D6B93A-7CD3-4E2C-858F-DE453B280ACB}.Release|ARM.ActiveCfg = Release|Any CPU
		{19D6B93A-7CD3-4E2C-858F-DE453B280ACB}.Release|ARM.Build.0 = Release|Any CPU
		{19D6B93A-7CD3-4E2C-858F-DE453B280ACB}.Release|x64.ActiveCfg = Release|Any CPU
		{19D6B93A-7CD3-4E2C-858F-DE453B280ACB}.Release|x64.Build.0 = Release|Any CPU
		{19D6B93A-7CD3-4E2C-858F-DE453B280ACB}.Release|x86.ActiveCfg = Release|Any CPU
		{19D6B93A-7CD3-4E2C-858F-DE453B280ACB}.Release|x86.Build.0 = Release|Any CPU
		{8E6C7DD5-9449-4074-AFA6-D994D2F75833}.Debug|Any CPU.ActiveCfg = Debug|Any CPU
		{8E6C7DD5-9449-4074-AFA6-D994D2F75833}.Debug|Any CPU.Build.0 = Debug|Any CPU
		{8E6C7DD5-9449-4074-AFA6-D994D2F75833}.Debug|ARM.ActiveCfg = Debug|Any CPU
		{8E6C7DD5-9449-4074-AFA6-D994D2F75833}.Debug|ARM.Build.0 = Debug|Any CPU
		{8E6C7DD5-9449-4074-AFA6-D994D2F75833}.Debug|x64.ActiveCfg = Debug|Any CPU
		{8E6C7DD5-9449-4074-AFA6-D994D2F75833}.Debug|x64.Build.0 = Debug|Any CPU
		{8E6C7DD5-9449-4074-AFA6-D994D2F75833}.Debug|x86.ActiveCfg = Debug|Any CPU
		{8E6C7DD5-9449-4074-AFA6-D994D2F75833}.Debug|x86.Build.0 = Debug|Any CPU
		{8E6C7DD5-9449-4074-AFA6-D994D2F75833}.Release|Any CPU.ActiveCfg = Release|Any CPU
		{8E6C7DD5-9449-4074-AFA6-D994D2F75833}.Release|Any CPU.Build.0 = Release|Any CPU
		{8E6C7DD5-9449-4074-AFA6-D994D2F75833}.Release|ARM.ActiveCfg = Release|Any CPU
		{8E6C7DD5-9449-4074-AFA6-D994D2F75833}.Release|ARM.Build.0 = Release|Any CPU
		{8E6C7DD5-9449-4074-AFA6-D994D2F75833}.Release|x64.ActiveCfg = Release|Any CPU
		{8E6C7DD5-9449-4074-AFA6-D994D2F75833}.Release|x64.Build.0 = Release|Any CPU
		{8E6C7DD5-9449-4074-AFA6-D994D2F75833}.Release|x86.ActiveCfg = Release|Any CPU
		{8E6C7DD5-9449-4074-AFA6-D994D2F75833}.Release|x86.Build.0 = Release|Any CPU
		{97924306-CC9E-4D40-B121-1040ECE2347E}.Debug|Any CPU.ActiveCfg = Debug|x86
		{97924306-CC9E-4D40-B121-1040ECE2347E}.Debug|Any CPU.Build.0 = Debug|x86
		{97924306-CC9E-4D40-B121-1040ECE2347E}.Debug|Any CPU.Deploy.0 = Debug|x86
		{97924306-CC9E-4D40-B121-1040ECE2347E}.Debug|ARM.ActiveCfg = Debug|ARM
		{97924306-CC9E-4D40-B121-1040ECE2347E}.Debug|ARM.Build.0 = Debug|ARM
		{97924306-CC9E-4D40-B121-1040ECE2347E}.Debug|ARM.Deploy.0 = Debug|ARM
		{97924306-CC9E-4D40-B121-1040ECE2347E}.Debug|x64.ActiveCfg = Debug|x64
		{97924306-CC9E-4D40-B121-1040ECE2347E}.Debug|x64.Build.0 = Debug|x64
		{97924306-CC9E-4D40-B121-1040ECE2347E}.Debug|x64.Deploy.0 = Debug|x64
		{97924306-CC9E-4D40-B121-1040ECE2347E}.Debug|x86.ActiveCfg = Debug|x86
		{97924306-CC9E-4D40-B121-1040ECE2347E}.Debug|x86.Build.0 = Debug|x86
		{97924306-CC9E-4D40-B121-1040ECE2347E}.Debug|x86.Deploy.0 = Debug|x86
		{97924306-CC9E-4D40-B121-1040ECE2347E}.Release|Any CPU.ActiveCfg = Release|x86
		{97924306-CC9E-4D40-B121-1040ECE2347E}.Release|Any CPU.Build.0 = Release|x86
		{97924306-CC9E-4D40-B121-1040ECE2347E}.Release|Any CPU.Deploy.0 = Release|x86
		{97924306-CC9E-4D40-B121-1040ECE2347E}.Release|ARM.ActiveCfg = Release|ARM
		{97924306-CC9E-4D40-B121-1040ECE2347E}.Release|ARM.Build.0 = Release|ARM
		{97924306-CC9E-4D40-B121-1040ECE2347E}.Release|ARM.Deploy.0 = Release|ARM
		{97924306-CC9E-4D40-B121-1040ECE2347E}.Release|x64.ActiveCfg = Release|x64
		{97924306-CC9E-4D40-B121-1040ECE2347E}.Release|x64.Build.0 = Release|x64
		{97924306-CC9E-4D40-B121-1040ECE2347E}.Release|x64.Deploy.0 = Release|x64
		{97924306-CC9E-4D40-B121-1040ECE2347E}.Release|x86.ActiveCfg = Release|x86
		{97924306-CC9E-4D40-B121-1040ECE2347E}.Release|x86.Build.0 = Release|x86
		{97924306-CC9E-4D40-B121-1040ECE2347E}.Release|x86.Deploy.0 = Release|x86
		{2CD1E349-85FC-42EB-8D8B-81F0D1340AC9}.Debug|Any CPU.ActiveCfg = Debug|Any CPU
		{2CD1E349-85FC-42EB-8D8B-81F0D1340AC9}.Debug|Any CPU.Build.0 = Debug|Any CPU
		{2CD1E349-85FC-42EB-8D8B-81F0D1340AC9}.Debug|ARM.ActiveCfg = Debug|Any CPU
		{2CD1E349-85FC-42EB-8D8B-81F0D1340AC9}.Debug|ARM.Build.0 = Debug|Any CPU
		{2CD1E349-85FC-42EB-8D8B-81F0D1340AC9}.Debug|x64.ActiveCfg = Debug|Any CPU
		{2CD1E349-85FC-42EB-8D8B-81F0D1340AC9}.Debug|x64.Build.0 = Debug|Any CPU
		{2CD1E349-85FC-42EB-8D8B-81F0D1340AC9}.Debug|x86.ActiveCfg = Debug|Any CPU
		{2CD1E349-85FC-42EB-8D8B-81F0D1340AC9}.Debug|x86.Build.0 = Debug|Any CPU
		{2CD1E349-85FC-42EB-8D8B-81F0D1340AC9}.Release|Any CPU.ActiveCfg = Release|Any CPU
		{2CD1E349-85FC-42EB-8D8B-81F0D1340AC9}.Release|Any CPU.Build.0 = Release|Any CPU
		{2CD1E349-85FC-42EB-8D8B-81F0D1340AC9}.Release|ARM.ActiveCfg = Release|Any CPU
		{2CD1E349-85FC-42EB-8D8B-81F0D1340AC9}.Release|ARM.Build.0 = Release|Any CPU
		{2CD1E349-85FC-42EB-8D8B-81F0D1340AC9}.Release|x64.ActiveCfg = Release|Any CPU
		{2CD1E349-85FC-42EB-8D8B-81F0D1340AC9}.Release|x64.Build.0 = Release|Any CPU
		{2CD1E349-85FC-42EB-8D8B-81F0D1340AC9}.Release|x86.ActiveCfg = Release|Any CPU
		{2CD1E349-85FC-42EB-8D8B-81F0D1340AC9}.Release|x86.Build.0 = Release|Any CPU
	EndGlobalSection
	GlobalSection(SolutionProperties) = preSolution
		HideSolutionNode = FALSE
	EndGlobalSection
	GlobalSection(ExtensibilityGlobals) = postSolution
		SolutionGuid = {C034EAB4-A075-4C68-9B8F-5E39A3BC84E8}
	EndGlobalSection
EndGlobal
